
Microsoft Visual Studio Solution File, Format Version 12.00
# Visual Studio 2012
Project("{FAE04EC0-301F-11D3-BF4B-00C04F79EFBC}") = "CalculatriceFR2", "CalculatriceFR2\CalculatriceFR2.csproj", "{F5952C67-C925-466F-9C0B-D42CA466BB5A}"
EndProject
Project("{FAE04EC0-301F-11D3-BF4B-00C04F79EFBC}") = "Calculateur", "Calculateur\Calculateur.csproj", "{3F7ACF77-F60F-4C60-90FE-2A5E4B48DDE1}"
EndProject
Project("{FAE04EC0-301F-11D3-BF4B-00C04F79EFBC}") = "WpfCalc", "WpfCalc\WpfCalc.csproj", "{037E9A53-83DB-498D-851D-F8FEC2B7A2F6}"
EndProject
Global
	GlobalSection(TestCaseManagementSettings) = postSolution
		CategoryFile = CalculatriceFR21.vsmdi
	EndGlobalSection
	GlobalSection(SolutionConfigurationPlatforms) = preSolution
		Debug|Any CPU = Debug|Any CPU
		Release|Any CPU = Release|Any CPU
	EndGlobalSection
	GlobalSection(ProjectConfigurationPlatforms) = postSolution
		{F5952C67-C925-466F-9C0B-D42CA466BB5A}.Debug|Any CPU.ActiveCfg = Debug|Any CPU
		{F5952C67-C925-466F-9C0B-D42CA466BB5A}.Debug|Any CPU.Build.0 = Debug|Any CPU
		{F5952C67-C925-466F-9C0B-D42CA466BB5A}.Release|Any CPU.ActiveCfg = Release|Any CPU
		{F5952C67-C925-466F-9C0B-D42CA466BB5A}.Release|Any CPU.Build.0 = Release|Any CPU
		{3F7ACF77-F60F-4C60-90FE-2A5E4B48DDE1}.Debug|Any CPU.ActiveCfg = Debug|Any CPU
		{3F7ACF77-F60F-4C60-90FE-2A5E4B48DDE1}.Debug|Any CPU.Build.0 = Debug|Any CPU
		{3F7ACF77-F60F-4C60-90FE-2A5E4B48DDE1}.Release|Any CPU.ActiveCfg = Release|Any CPU
		{3F7ACF77-F60F-4C60-90FE-2A5E4B48DDE1}.Release|Any CPU.Build.0 = Release|Any CPU
		{037E9A53-83DB-498D-851D-F8FEC2B7A2F6}.Debug|Any CPU.ActiveCfg = Debug|Any CPU
		{037E9A53-83DB-498D-851D-F8FEC2B7A2F6}.Debug|Any CPU.Build.0 = Debug|Any CPU
		{037E9A53-83DB-498D-851D-F8FEC2B7A2F6}.Release|Any CPU.ActiveCfg = Release|Any CPU
		{037E9A53-83DB-498D-851D-F8FEC2B7A2F6}.Release|Any CPU.Build.0 = Release|Any CPU
	EndGlobalSection
	GlobalSection(SolutionProperties) = preSolution
		HideSolutionNode = FALSE
	EndGlobalSection
EndGlobal
